
Microsoft Visual Studio Solution File, Format Version 12.00
# Visual Studio Version 16
VisualStudioVersion = 16.0.30011.22
MinimumVisualStudioVersion = 10.0.40219.1
Project("{FAE04EC0-301F-11D3-BF4B-00C04F79EFBC}") = "homework", "homework\homework.csproj", "{763E335C-109C-4057-A382-4997477E1C6D}"
EndProject
Global
	GlobalSection(SolutionConfigurationPlatforms) = preSolution
		Debug|Any CPU = Debug|Any CPU
		Release|Any CPU = Release|Any CPU
	EndGlobalSection
	GlobalSection(ProjectConfigurationPlatforms) = postSolution
		{763E335C-109C-4057-A382-4997477E1C6D}.Debug|Any CPU.ActiveCfg = Debug|Any CPU
		{763E335C-109C-4057-A382-4997477E1C6D}.Debug|Any CPU.Build.0 = Debug|Any CPU
		{763E335C-109C-4057-A382-4997477E1C6D}.Release|Any CPU.ActiveCfg = Release|Any CPU
		{763E335C-109C-4057-A382-4997477E1C6D}.Release|Any CPU.Build.0 = Release|Any CPU
	EndGlobalSection
	GlobalSection(SolutionProperties) = preSolution
		HideSolutionNode = FALSE
	EndGlobalSection
	GlobalSection(ExtensibilityGlobals) = postSolution
		SolutionGuid = {2D23D77F-AD69-4662-9ED5-4B3CC0838CB7}
	EndGlobalSection
EndGlobal
